
Microsoft Visual Studio Solution File, Format Version 12.00
# Visual Studio Version 17
VisualStudioVersion = 17.12.35514.174
MinimumVisualStudioVersion = 10.0.40219.1
Project("{FAE04EC0-301F-11D3-BF4B-00C04F79EFBC}") = "AdventOfCode2024", "AdventOfCode2024\AdventOfCode2024.csproj", "{FC1CBDC1-E5A2-46BC-84EC-634AB453F1BA}"
EndProject
Project("{2150E333-8FDC-42A3-9474-1A3956D46DE8}") = "Solution Items", "Solution Items", "{71DA602A-381A-451B-B64E-352C70121555}"
	ProjectSection(SolutionItems) = preProject
		.editorconfig = .editorconfig
	EndProjectSection
EndProject
Global
	GlobalSection(SolutionConfigurationPlatforms) = preSolution
		Debug|Any CPU = Debug|Any CPU
		Release|Any CPU = Release|Any CPU
	EndGlobalSection
	GlobalSection(ProjectConfigurationPlatforms) = postSolution
		{FC1CBDC1-E5A2-46BC-84EC-634AB453F1BA}.Debug|Any CPU.ActiveCfg = Debug|Any CPU
		{FC1CBDC1-E5A2-46BC-84EC-634AB453F1BA}.Debug|Any CPU.Build.0 = Debug|Any CPU
		{FC1CBDC1-E5A2-46BC-84EC-634AB453F1BA}.Release|Any CPU.ActiveCfg = Release|Any CPU
		{FC1CBDC1-E5A2-46BC-84EC-634AB453F1BA}.Release|Any CPU.Build.0 = Release|Any CPU
	EndGlobalSection
	GlobalSection(SolutionProperties) = preSolution
		HideSolutionNode = FALSE
	EndGlobalSection
EndGlobal
